
Microsoft Visual Studio Solution File, Format Version 10.00
# Visual Studio 2008
Project("{FAE04EC0-301F-11D3-BF4B-00C04F79EFBC}") = "DataSpecTester", "DataSpecTester\DataSpecTester.csproj", "{4C86C4C9-DA6C-4403-82EB-B493AB79B1EA}"
EndProject
Project("{FAE04EC0-301F-11D3-BF4B-00C04F79EFBC}") = "Gwsoft.DataSpec", "Gwsoft.DataSpec\Gwsoft.DataSpec.csproj", "{114001D2-D0DB-4169-8427-A3143E6E561E}"
EndProject
Project("{2150E333-8FDC-42A3-9474-1A3956D46DE8}") = "ref", "ref", "{4968A34B-7DA0-4CAA-B1E4-08F690EB3060}"
EndProject
Project("{FAE04EC0-301F-11D3-BF4B-00C04F79EFBC}") = "Gwsoft.EaseMode", "Gwsoft.EaseMode\Gwsoft.EaseMode.csproj", "{2A3A63B0-C228-4F69-A74C-C0B2D534EDBA}"
EndProject
Project("{FAE04EC0-301F-11D3-BF4B-00C04F79EFBC}") = "Gwsoft.DataSpec2", "Gwsoft.DataSpec2\Gwsoft.DataSpec2.csproj", "{13EA8DDD-2D6F-4419-8218-F3143CD2D34C}"
EndProject
Project("{FAE04EC0-301F-11D3-BF4B-00C04F79EFBC}") = "EaseModePlugView", "DataSpecPlug\EaseModePlugView\EaseModePlugView.csproj", "{55149CE3-6F57-47AF-9103-388BE8729236}"
EndProject
Global
	GlobalSection(SolutionConfigurationPlatforms) = preSolution
		Debug|Any CPU = Debug|Any CPU
		Debug|x64 = Debug|x64
		Release x64|Any CPU = Release x64|Any CPU
		Release x64|x64 = Release x64|x64
		Release|Any CPU = Release|Any CPU
		Release|x64 = Release|x64
		UnitTest|Any CPU = UnitTest|Any CPU
		UnitTest|x64 = UnitTest|x64
	EndGlobalSection
	GlobalSection(ProjectConfigurationPlatforms) = postSolution
		{4C86C4C9-DA6C-4403-82EB-B493AB79B1EA}.Debug|Any CPU.ActiveCfg = Debug|Any CPU
		{4C86C4C9-DA6C-4403-82EB-B493AB79B1EA}.Debug|Any CPU.Build.0 = Debug|Any CPU
		{4C86C4C9-DA6C-4403-82EB-B493AB79B1EA}.Debug|x64.ActiveCfg = Debug|Any CPU
		{4C86C4C9-DA6C-4403-82EB-B493AB79B1EA}.Release x64|Any CPU.ActiveCfg = Release|Any CPU
		{4C86C4C9-DA6C-4403-82EB-B493AB79B1EA}.Release x64|Any CPU.Build.0 = Release|Any CPU
		{4C86C4C9-DA6C-4403-82EB-B493AB79B1EA}.Release x64|x64.ActiveCfg = Release|Any CPU
		{4C86C4C9-DA6C-4403-82EB-B493AB79B1EA}.Release|Any CPU.ActiveCfg = Release|Any CPU
		{4C86C4C9-DA6C-4403-82EB-B493AB79B1EA}.Release|Any CPU.Build.0 = Release|Any CPU
		{4C86C4C9-DA6C-4403-82EB-B493AB79B1EA}.Release|x64.ActiveCfg = Release|Any CPU
		{4C86C4C9-DA6C-4403-82EB-B493AB79B1EA}.UnitTest|Any CPU.ActiveCfg = UnitTest|Any CPU
		{4C86C4C9-DA6C-4403-82EB-B493AB79B1EA}.UnitTest|Any CPU.Build.0 = UnitTest|Any CPU
		{4C86C4C9-DA6C-4403-82EB-B493AB79B1EA}.UnitTest|x64.ActiveCfg = UnitTest|Any CPU
		{114001D2-D0DB-4169-8427-A3143E6E561E}.Debug|Any CPU.ActiveCfg = Debug|Any CPU
		{114001D2-D0DB-4169-8427-A3143E6E561E}.Debug|Any CPU.Build.0 = Debug|Any CPU
		{114001D2-D0DB-4169-8427-A3143E6E561E}.Debug|x64.ActiveCfg = Debug|x64
		{114001D2-D0DB-4169-8427-A3143E6E561E}.Debug|x64.Build.0 = Debug|x64
		{114001D2-D0DB-4169-8427-A3143E6E561E}.Release x64|Any CPU.ActiveCfg = Release x64|Any CPU
		{114001D2-D0DB-4169-8427-A3143E6E561E}.Release x64|Any CPU.Build.0 = Release x64|Any CPU
		{114001D2-D0DB-4169-8427-A3143E6E561E}.Release x64|x64.ActiveCfg = Release x64|x64
		{114001D2-D0DB-4169-8427-A3143E6E561E}.Release x64|x64.Build.0 = Release x64|x64
		{114001D2-D0DB-4169-8427-A3143E6E561E}.Release|Any CPU.ActiveCfg = Release|Any CPU
		{114001D2-D0DB-4169-8427-A3143E6E561E}.Release|Any CPU.Build.0 = Release|Any CPU
		{114001D2-D0DB-4169-8427-A3143E6E561E}.Release|x64.ActiveCfg = Release|x64
		{114001D2-D0DB-4169-8427-A3143E6E561E}.Release|x64.Build.0 = Release|x64
		{114001D2-D0DB-4169-8427-A3143E6E561E}.UnitTest|Any CPU.ActiveCfg = UnitTest|Any CPU
		{114001D2-D0DB-4169-8427-A3143E6E561E}.UnitTest|Any CPU.Build.0 = UnitTest|Any CPU
		{114001D2-D0DB-4169-8427-A3143E6E561E}.UnitTest|x64.ActiveCfg = UnitTest|x64
		{114001D2-D0DB-4169-8427-A3143E6E561E}.UnitTest|x64.Build.0 = UnitTest|x64
		{2A3A63B0-C228-4F69-A74C-C0B2D534EDBA}.Debug|Any CPU.ActiveCfg = Debug|Any CPU
		{2A3A63B0-C228-4F69-A74C-C0B2D534EDBA}.Debug|Any CPU.Build.0 = Debug|Any CPU
		{2A3A63B0-C228-4F69-A74C-C0B2D534EDBA}.Debug|x64.ActiveCfg = Debug|Any CPU
		{2A3A63B0-C228-4F69-A74C-C0B2D534EDBA}.Release x64|Any CPU.ActiveCfg = Release|Any CPU
		{2A3A63B0-C228-4F69-A74C-C0B2D534EDBA}.Release x64|Any CPU.Build.0 = Release|Any CPU
		{2A3A63B0-C228-4F69-A74C-C0B2D534EDBA}.Release x64|x64.ActiveCfg = Release|Any CPU
		{2A3A63B0-C228-4F69-A74C-C0B2D534EDBA}.Release|Any CPU.ActiveCfg = Release|Any CPU
		{2A3A63B0-C228-4F69-A74C-C0B2D534EDBA}.Release|Any CPU.Build.0 = Release|Any CPU
		{2A3A63B0-C228-4F69-A74C-C0B2D534EDBA}.Release|x64.ActiveCfg = Release|Any CPU
		{2A3A63B0-C228-4F69-A74C-C0B2D534EDBA}.UnitTest|Any CPU.ActiveCfg = UnitTest|Any CPU
		{2A3A63B0-C228-4F69-A74C-C0B2D534EDBA}.UnitTest|Any CPU.Build.0 = UnitTest|Any CPU
		{2A3A63B0-C228-4F69-A74C-C0B2D534EDBA}.UnitTest|x64.ActiveCfg = UnitTest|Any CPU
		{13EA8DDD-2D6F-4419-8218-F3143CD2D34C}.Debug|Any CPU.ActiveCfg = Debug|Any CPU
		{13EA8DDD-2D6F-4419-8218-F3143CD2D34C}.Debug|Any CPU.Build.0 = Debug|Any CPU
		{13EA8DDD-2D6F-4419-8218-F3143CD2D34C}.Debug|x64.ActiveCfg = Debug|Any CPU
		{13EA8DDD-2D6F-4419-8218-F3143CD2D34C}.Release x64|Any CPU.ActiveCfg = Release|Any CPU
		{13EA8DDD-2D6F-4419-8218-F3143CD2D34C}.Release x64|Any CPU.Build.0 = Release|Any CPU
		{13EA8DDD-2D6F-4419-8218-F3143CD2D34C}.Release x64|x64.ActiveCfg = Release|Any CPU
		{13EA8DDD-2D6F-4419-8218-F3143CD2D34C}.Release|Any CPU.ActiveCfg = Release|Any CPU
		{13EA8DDD-2D6F-4419-8218-F3143CD2D34C}.Release|Any CPU.Build.0 = Release|Any CPU
		{13EA8DDD-2D6F-4419-8218-F3143CD2D34C}.Release|x64.ActiveCfg = Release|Any CPU
		{13EA8DDD-2D6F-4419-8218-F3143CD2D34C}.UnitTest|Any CPU.ActiveCfg = Release|Any CPU
		{13EA8DDD-2D6F-4419-8218-F3143CD2D34C}.UnitTest|Any CPU.Build.0 = Release|Any CPU
		{13EA8DDD-2D6F-4419-8218-F3143CD2D34C}.UnitTest|x64.ActiveCfg = Release|Any CPU
		{55149CE3-6F57-47AF-9103-388BE8729236}.Debug|Any CPU.ActiveCfg = Debug|Any CPU
		{55149CE3-6F57-47AF-9103-388BE8729236}.Debug|Any CPU.Build.0 = Debug|Any CPU
		{55149CE3-6F57-47AF-9103-388BE8729236}.Debug|x64.ActiveCfg = Debug|Any CPU
		{55149CE3-6F57-47AF-9103-388BE8729236}.Release x64|Any CPU.ActiveCfg = Release|Any CPU
		{55149CE3-6F57-47AF-9103-388BE8729236}.Release x64|Any CPU.Build.0 = Release|Any CPU
		{55149CE3-6F57-47AF-9103-388BE8729236}.Release x64|x64.ActiveCfg = Release|Any CPU
		{55149CE3-6F57-47AF-9103-388BE8729236}.Release|Any CPU.ActiveCfg = Release|Any CPU
		{55149CE3-6F57-47AF-9103-388BE8729236}.Release|Any CPU.Build.0 = Release|Any CPU
		{55149CE3-6F57-47AF-9103-388BE8729236}.Release|x64.ActiveCfg = Release|Any CPU
		{55149CE3-6F57-47AF-9103-388BE8729236}.UnitTest|Any CPU.ActiveCfg = UnitTest|Any CPU
		{55149CE3-6F57-47AF-9103-388BE8729236}.UnitTest|Any CPU.Build.0 = UnitTest|Any CPU
		{55149CE3-6F57-47AF-9103-388BE8729236}.UnitTest|x64.ActiveCfg = UnitTest|Any CPU
	EndGlobalSection
	GlobalSection(SolutionProperties) = preSolution
		HideSolutionNode = FALSE
	EndGlobalSection
	GlobalSection(NestedProjects) = preSolution
		{2A3A63B0-C228-4F69-A74C-C0B2D534EDBA} = {4968A34B-7DA0-4CAA-B1E4-08F690EB3060}
		{13EA8DDD-2D6F-4419-8218-F3143CD2D34C} = {4968A34B-7DA0-4CAA-B1E4-08F690EB3060}
		{55149CE3-6F57-47AF-9103-388BE8729236} = {4968A34B-7DA0-4CAA-B1E4-08F690EB3060}
	EndGlobalSection
EndGlobal
